{
  "object": {
    "pins": [
      {
        "package": "FeistyDB",
        "repositoryURL": "https://github.com/wildthink/FeistyDB",
        "state": {
          "branch": "master",
          "revision": "d7ecd384800a85682e90aec5338016b48b87b0eb",
          "version": null
        }
      },
      {
        "package": "MomXML",
        "repositoryURL": "https://github.com/wildthink/MomXML",
        "state": {
          "branch": "master",
          "revision": "a2d2420d7011fbdaa74999b246b5a2ca404f71a5",
          "version": null
        }
      },
      {
        "package": "Runtime",
        "repositoryURL": "https://github.com/wildthink/Runtime",
        "state": {
          "branch": "master",
          "revision": "407d0e03c4282458be676256a142cf29fc9b0683",
          "version": null
        }
      },
      {
        "package": "SnapshotTesting",
        "repositoryURL": "https://github.com/pointfreeco/swift-snapshot-testing.git",
        "state": {
          "branch": null,
          "revision": "f8a9c997c3c1dab4e216a8ec9014e23144cbab37",
          "version": "1.9.0"
        }
      },
      {
        "package": "swift-tagged",
        "repositoryURL": "https://github.com/pointfreeco/swift-tagged",
        "state": {
          "branch": null,
          "revision": "6c36cf66f58553d0481a2628e3e27177f698a897",
          "version": "0.6.0"
        }
      }
    ]
  },
  "version": 1
}
